// !$*UTF8*$!
{
	archiveVersion = 1;
	classes = {
	};
	objectVersion = 46;
	objects = {

/* Begin PBXBuildFile section */
		FFCD6CB51E77518100EB8671 /* CharacterSetExtensions.swift in Sources */ = {isa = PBXBuildFile; fileRef = FFCD6CB41E77518100EB8671 /* CharacterSetExtensions.swift */; };
		FFCD6CB61E77518100EB8671 /* CharacterSetExtensions.swift in Sources */ = {isa = PBXBuildFile; fileRef = FFCD6CB41E77518100EB8671 /* CharacterSetExtensions.swift */; };
		FFCD6CB71E77518100EB8671 /* CharacterSetExtensions.swift in Sources */ = {isa = PBXBuildFile; fileRef = FFCD6CB41E77518100EB8671 /* CharacterSetExtensions.swift */; };
		FFCD6CB81E77518100EB8671 /* CharacterSetExtensions.swift in Sources */ = {isa = PBXBuildFile; fileRef = FFCD6CB41E77518100EB8671 /* CharacterSetExtensions.swift */; };
		FFCE199A1E75F060001C18C4 /* Profile.swift in Sources */ = {isa = PBXBuildFile; fileRef = FFCE19991E75F060001C18C4 /* Profile.swift */; };
		FFCE199B1E75F060001C18C4 /* Profile.swift in Sources */ = {isa = PBXBuildFile; fileRef = FFCE19991E75F060001C18C4 /* Profile.swift */; };
		FFCE199C1E75F060001C18C4 /* Profile.swift in Sources */ = {isa = PBXBuildFile; fileRef = FFCE19991E75F060001C18C4 /* Profile.swift */; };
		FFCE199D1E75F060001C18C4 /* Profile.swift in Sources */ = {isa = PBXBuildFile; fileRef = FFCE19991E75F060001C18C4 /* Profile.swift */; };
		FFCE199F1E75F07B001C18C4 /* UnicodeScalarExtensions.swift in Sources */ = {isa = PBXBuildFile; fileRef = FFCE199E1E75F07B001C18C4 /* UnicodeScalarExtensions.swift */; };
		FFCE19A01E75F07B001C18C4 /* UnicodeScalarExtensions.swift in Sources */ = {isa = PBXBuildFile; fileRef = FFCE199E1E75F07B001C18C4 /* UnicodeScalarExtensions.swift */; };
		FFCE19A11E75F07B001C18C4 /* UnicodeScalarExtensions.swift in Sources */ = {isa = PBXBuildFile; fileRef = FFCE199E1E75F07B001C18C4 /* UnicodeScalarExtensions.swift */; };
		FFCE19A21E75F07B001C18C4 /* UnicodeScalarExtensions.swift in Sources */ = {isa = PBXBuildFile; fileRef = FFCE199E1E75F07B001C18C4 /* UnicodeScalarExtensions.swift */; };
		FFCE19A81E75FAE7001C18C4 /* UsernameCaseMappedProfile.swift in Sources */ = {isa = PBXBuildFile; fileRef = FFCE19A71E75FAE7001C18C4 /* UsernameCaseMappedProfile.swift */; };
		FFCE19AA1E75FBAC001C18C4 /* OpaqueStringProfile.swift in Sources */ = {isa = PBXBuildFile; fileRef = FFCE19A91E75FBAC001C18C4 /* OpaqueStringProfile.swift */; };
		FFCE19AB1E75FBB0001C18C4 /* UsernameCaseMappedProfile.swift in Sources */ = {isa = PBXBuildFile; fileRef = FFCE19A71E75FAE7001C18C4 /* UsernameCaseMappedProfile.swift */; };
		FFCE19AC1E75FBB0001C18C4 /* UsernameCaseMappedProfile.swift in Sources */ = {isa = PBXBuildFile; fileRef = FFCE19A71E75FAE7001C18C4 /* UsernameCaseMappedProfile.swift */; };
		FFCE19AD1E75FBB1001C18C4 /* UsernameCaseMappedProfile.swift in Sources */ = {isa = PBXBuildFile; fileRef = FFCE19A71E75FAE7001C18C4 /* UsernameCaseMappedProfile.swift */; };
		FFCE19AE1E75FBB3001C18C4 /* OpaqueStringProfile.swift in Sources */ = {isa = PBXBuildFile; fileRef = FFCE19A91E75FBAC001C18C4 /* OpaqueStringProfile.swift */; };
		FFCE19AF1E75FBB3001C18C4 /* OpaqueStringProfile.swift in Sources */ = {isa = PBXBuildFile; fileRef = FFCE19A91E75FBAC001C18C4 /* OpaqueStringProfile.swift */; };
		FFCE19B01E75FBB4001C18C4 /* OpaqueStringProfile.swift in Sources */ = {isa = PBXBuildFile; fileRef = FFCE19A91E75FBAC001C18C4 /* OpaqueStringProfile.swift */; };
		FFCE19B21E75FD57001C18C4 /* UsernameCasePreservedProfile.swift in Sources */ = {isa = PBXBuildFile; fileRef = FFCE19B11E75FD57001C18C4 /* UsernameCasePreservedProfile.swift */; };
		FFCE19B31E75FD57001C18C4 /* UsernameCasePreservedProfile.swift in Sources */ = {isa = PBXBuildFile; fileRef = FFCE19B11E75FD57001C18C4 /* UsernameCasePreservedProfile.swift */; };
		FFCE19B41E75FD57001C18C4 /* UsernameCasePreservedProfile.swift in Sources */ = {isa = PBXBuildFile; fileRef = FFCE19B11E75FD57001C18C4 /* UsernameCasePreservedProfile.swift */; };
		FFCE19B51E75FD57001C18C4 /* UsernameCasePreservedProfile.swift in Sources */ = {isa = PBXBuildFile; fileRef = FFCE19B11E75FD57001C18C4 /* UsernameCasePreservedProfile.swift */; };
		FFCE19B71E75FF44001C18C4 /* NicknameProfile.swift in Sources */ = {isa = PBXBuildFile; fileRef = FFCE19B61E75FF44001C18C4 /* NicknameProfile.swift */; };
		FFCE19B81E75FF44001C18C4 /* NicknameProfile.swift in Sources */ = {isa = PBXBuildFile; fileRef = FFCE19B61E75FF44001C18C4 /* NicknameProfile.swift */; };
		FFCE19B91E75FF44001C18C4 /* NicknameProfile.swift in Sources */ = {isa = PBXBuildFile; fileRef = FFCE19B61E75FF44001C18C4 /* NicknameProfile.swift */; };
		FFCE19BA1E75FF44001C18C4 /* NicknameProfile.swift in Sources */ = {isa = PBXBuildFile; fileRef = FFCE19B61E75FF44001C18C4 /* NicknameProfile.swift */; };
/* End PBXBuildFile section */

/* Begin PBXFileReference section */
		FFCD6CB41E77518100EB8671 /* CharacterSetExtensions.swift */ = {isa = PBXFileReference; fileEncoding = 4; lastKnownFileType = sourcecode.swift; path = CharacterSetExtensions.swift; sourceTree = "<group>"; };
		FFCE19231E75E088001C18C4 /* PRECISSwift.framework */ = {isa = PBXFileReference; explicitFileType = wrapper.framework; includeInIndex = 0; path = PRECISSwift.framework; sourceTree = BUILT_PRODUCTS_DIR; };
		FFCE19361E75E164001C18C4 /* PRECISSwift.framework */ = {isa = PBXFileReference; explicitFileType = wrapper.framework; includeInIndex = 0; path = PRECISSwift.framework; sourceTree = BUILT_PRODUCTS_DIR; };
		FFCE19431E75E17C001C18C4 /* PRECISSwift.framework */ = {isa = PBXFileReference; explicitFileType = wrapper.framework; includeInIndex = 0; path = PRECISSwift.framework; sourceTree = BUILT_PRODUCTS_DIR; };
		FFCE19501E75E195001C18C4 /* PRECISSwift.framework */ = {isa = PBXFileReference; explicitFileType = wrapper.framework; includeInIndex = 0; path = PRECISSwift.framework; sourceTree = BUILT_PRODUCTS_DIR; };
		FFCE19991E75F060001C18C4 /* Profile.swift */ = {isa = PBXFileReference; fileEncoding = 4; lastKnownFileType = sourcecode.swift; path = Profile.swift; sourceTree = "<group>"; };
		FFCE199E1E75F07B001C18C4 /* UnicodeScalarExtensions.swift */ = {isa = PBXFileReference; fileEncoding = 4; lastKnownFileType = sourcecode.swift; path = UnicodeScalarExtensions.swift; sourceTree = "<group>"; };
		FFCE19A71E75FAE7001C18C4 /* UsernameCaseMappedProfile.swift */ = {isa = PBXFileReference; fileEncoding = 4; lastKnownFileType = sourcecode.swift; path = UsernameCaseMappedProfile.swift; sourceTree = "<group>"; };
		FFCE19A91E75FBAC001C18C4 /* OpaqueStringProfile.swift */ = {isa = PBXFileReference; fileEncoding = 4; lastKnownFileType = sourcecode.swift; path = OpaqueStringProfile.swift; sourceTree = "<group>"; };
		FFCE19B11E75FD57001C18C4 /* UsernameCasePreservedProfile.swift */ = {isa = PBXFileReference; fileEncoding = 4; lastKnownFileType = sourcecode.swift; path = UsernameCasePreservedProfile.swift; sourceTree = "<group>"; };
		FFCE19B61E75FF44001C18C4 /* NicknameProfile.swift */ = {isa = PBXFileReference; fileEncoding = 4; lastKnownFileType = sourcecode.swift; path = NicknameProfile.swift; sourceTree = "<group>"; };
/* End PBXFileReference section */

/* Begin PBXFrameworksBuildPhase section */
		FFCE191F1E75E088001C18C4 /* Frameworks */ = {
			isa = PBXFrameworksBuildPhase;
			buildActionMask = 2147483647;
			files = (
			);
			runOnlyForDeploymentPostprocessing = 0;
		};
		FFCE19321E75E164001C18C4 /* Frameworks */ = {
			isa = PBXFrameworksBuildPhase;
			buildActionMask = 2147483647;
			files = (
			);
			runOnlyForDeploymentPostprocessing = 0;
		};
		FFCE193F1E75E17C001C18C4 /* Frameworks */ = {
			isa = PBXFrameworksBuildPhase;
			buildActionMask = 2147483647;
			files = (
			);
			runOnlyForDeploymentPostprocessing = 0;
		};
		FFCE194C1E75E195001C18C4 /* Frameworks */ = {
			isa = PBXFrameworksBuildPhase;
			buildActionMask = 2147483647;
			files = (
			);
			runOnlyForDeploymentPostprocessing = 0;
		};
/* End PBXFrameworksBuildPhase section */

/* Begin PBXGroup section */
		FFCD6CB31E774E7700EB8671 /* Profiles */ = {
			isa = PBXGroup;
			children = (
				FFCE19B61E75FF44001C18C4 /* NicknameProfile.swift */,
				FFCE19A91E75FBAC001C18C4 /* OpaqueStringProfile.swift */,
				FFCE19A71E75FAE7001C18C4 /* UsernameCaseMappedProfile.swift */,
				FFCE19B11E75FD57001C18C4 /* UsernameCasePreservedProfile.swift */,
			);
			path = Profiles;
			sourceTree = "<group>";
		};
		FFCE19191E75E088001C18C4 = {
			isa = PBXGroup;
			children = (
				FFCE192E1E75E107001C18C4 /* Sources */,
				FFCE19241E75E088001C18C4 /* Products */,
			);
			indentWidth = 8;
			sourceTree = "<group>";
			tabWidth = 8;
			usesTabs = 1;
		};
		FFCE19241E75E088001C18C4 /* Products */ = {
			isa = PBXGroup;
			children = (
				FFCE19231E75E088001C18C4 /* PRECISSwift.framework */,
				FFCE19361E75E164001C18C4 /* PRECISSwift.framework */,
				FFCE19431E75E17C001C18C4 /* PRECISSwift.framework */,
				FFCE19501E75E195001C18C4 /* PRECISSwift.framework */,
			);
			name = Products;
			sourceTree = "<group>";
		};
		FFCE192E1E75E107001C18C4 /* Sources */ = {
			isa = PBXGroup;
			children = (
				FFCE192F1E75E10C001C18C4 /* PRECISSwift */,
			);
			path = Sources;
			sourceTree = "<group>";
		};
		FFCE192F1E75E10C001C18C4 /* PRECISSwift */ = {
			isa = PBXGroup;
			children = (
				FFCE19971E75F04A001C18C4 /* Core */,
				FFCE19981E75F04E001C18C4 /* Extensions */,
				FFCD6CB31E774E7700EB8671 /* Profiles */,
			);
			path = PRECISSwift;
			sourceTree = "<group>";
		};
		FFCE19971E75F04A001C18C4 /* Core */ = {
			isa = PBXGroup;
			children = (
				FFCE19991E75F060001C18C4 /* Profile.swift */,
			);
			path = Core;
			sourceTree = "<group>";
		};
		FFCE19981E75F04E001C18C4 /* Extensions */ = {
			isa = PBXGroup;
			children = (
				FFCE199E1E75F07B001C18C4 /* UnicodeScalarExtensions.swift */,
				FFCD6CB41E77518100EB8671 /* CharacterSetExtensions.swift */,
			);
			path = Extensions;
			sourceTree = "<group>";
		};
/* End PBXGroup section */

/* Begin PBXHeadersBuildPhase section */
		FFCE19201E75E088001C18C4 /* Headers */ = {
			isa = PBXHeadersBuildPhase;
			buildActionMask = 2147483647;
			files = (
			);
			runOnlyForDeploymentPostprocessing = 0;
		};
		FFCE19331E75E164001C18C4 /* Headers */ = {
			isa = PBXHeadersBuildPhase;
			buildActionMask = 2147483647;
			files = (
			);
			runOnlyForDeploymentPostprocessing = 0;
		};
		FFCE19401E75E17C001C18C4 /* Headers */ = {
			isa = PBXHeadersBuildPhase;
			buildActionMask = 2147483647;
			files = (
			);
			runOnlyForDeploymentPostprocessing = 0;
		};
		FFCE194D1E75E195001C18C4 /* Headers */ = {
			isa = PBXHeadersBuildPhase;
			buildActionMask = 2147483647;
			files = (
			);
			runOnlyForDeploymentPostprocessing = 0;
		};
/* End PBXHeadersBuildPhase section */

/* Begin PBXNativeTarget section */
		FFCE19221E75E088001C18C4 /* PRECISSwift iOS */ = {
			isa = PBXNativeTarget;
			buildConfigurationList = FFCE192B1E75E088001C18C4 /* Build configuration list for PBXNativeTarget "PRECISSwift iOS" */;
			buildPhases = (
				FFCE19A31E75F097001C18C4 /* Lint Sources */,
				FFCE191E1E75E088001C18C4 /* Sources */,
				FFCE191F1E75E088001C18C4 /* Frameworks */,
				FFCE19201E75E088001C18C4 /* Headers */,
				FFCE19211E75E088001C18C4 /* Resources */,
			);
			buildRules = (
			);
			dependencies = (
			);
			name = "PRECISSwift iOS";
			productName = PRECISSwift;
			productReference = FFCE19231E75E088001C18C4 /* PRECISSwift.framework */;
			productType = "com.apple.product-type.framework";
		};
		FFCE19351E75E164001C18C4 /* PRECISSwift macOS */ = {
			isa = PBXNativeTarget;
			buildConfigurationList = FFCE193B1E75E165001C18C4 /* Build configuration list for PBXNativeTarget "PRECISSwift macOS" */;
			buildPhases = (
				FFCE19A41E75F0CE001C18C4 /* Lint Sources */,
				FFCE19311E75E164001C18C4 /* Sources */,
				FFCE19321E75E164001C18C4 /* Frameworks */,
				FFCE19331E75E164001C18C4 /* Headers */,
				FFCE19341E75E164001C18C4 /* Resources */,
			);
			buildRules = (
			);
			dependencies = (
			);
			name = "PRECISSwift macOS";
			productName = PRECISSwift;
			productReference = FFCE19361E75E164001C18C4 /* PRECISSwift.framework */;
			productType = "com.apple.product-type.framework";
		};
		FFCE19421E75E17C001C18C4 /* PRECISSwift tvOS */ = {
			isa = PBXNativeTarget;
			buildConfigurationList = FFCE19481E75E17C001C18C4 /* Build configuration list for PBXNativeTarget "PRECISSwift tvOS" */;
			buildPhases = (
				FFCE19A51E75F0D8001C18C4 /* Lint Sources */,
				FFCE193E1E75E17C001C18C4 /* Sources */,
				FFCE193F1E75E17C001C18C4 /* Frameworks */,
				FFCE19401E75E17C001C18C4 /* Headers */,
				FFCE19411E75E17C001C18C4 /* Resources */,
			);
			buildRules = (
			);
			dependencies = (
			);
			name = "PRECISSwift tvOS";
			productName = PRECISSwift;
			productReference = FFCE19431E75E17C001C18C4 /* PRECISSwift.framework */;
			productType = "com.apple.product-type.framework";
		};
		FFCE194F1E75E195001C18C4 /* PRECISSwift watchOS */ = {
			isa = PBXNativeTarget;
			buildConfigurationList = FFCE19551E75E195001C18C4 /* Build configuration list for PBXNativeTarget "PRECISSwift watchOS" */;
			buildPhases = (
				FFCE19A61E75F0E2001C18C4 /* Lint Sources */,
				FFCE194B1E75E195001C18C4 /* Sources */,
				FFCE194C1E75E195001C18C4 /* Frameworks */,
				FFCE194D1E75E195001C18C4 /* Headers */,
				FFCE194E1E75E195001C18C4 /* Resources */,
			);
			buildRules = (
			);
			dependencies = (
			);
			name = "PRECISSwift watchOS";
			productName = PRECISSwift;
			productReference = FFCE19501E75E195001C18C4 /* PRECISSwift.framework */;
			productType = "com.apple.product-type.framework";
		};
/* End PBXNativeTarget section */

/* Begin PBXProject section */
		FFCE191A1E75E088001C18C4 /* Project object */ = {
			isa = PBXProject;
			attributes = {
				LastUpgradeCheck = 0820;
				ORGANIZATIONNAME = "Alexander Tovstonozhenko";
				TargetAttributes = {
					FFCE19221E75E088001C18C4 = {
						CreatedOnToolsVersion = 8.2.1;
						LastSwiftMigration = 0820;
						ProvisioningStyle = Manual;
					};
					FFCE19351E75E164001C18C4 = {
						CreatedOnToolsVersion = 8.2.1;
						LastSwiftMigration = 0820;
						ProvisioningStyle = Manual;
					};
					FFCE19421E75E17C001C18C4 = {
						CreatedOnToolsVersion = 8.2.1;
						LastSwiftMigration = 0820;
						ProvisioningStyle = Manual;
					};
					FFCE194F1E75E195001C18C4 = {
						CreatedOnToolsVersion = 8.2.1;
						LastSwiftMigration = 0820;
						ProvisioningStyle = Manual;
					};
				};
			};
			buildConfigurationList = FFCE191D1E75E088001C18C4 /* Build configuration list for PBXProject "PRECISSwift" */;
			compatibilityVersion = "Xcode 3.2";
			developmentRegion = English;
			hasScannedForEncodings = 0;
			knownRegions = (
				en,
			);
			mainGroup = FFCE19191E75E088001C18C4;
			productRefGroup = FFCE19241E75E088001C18C4 /* Products */;
			projectDirPath = "";
			projectRoot = "";
			targets = (
				FFCE19221E75E088001C18C4 /* PRECISSwift iOS */,
				FFCE19351E75E164001C18C4 /* PRECISSwift macOS */,
				FFCE19421E75E17C001C18C4 /* PRECISSwift tvOS */,
				FFCE194F1E75E195001C18C4 /* PRECISSwift watchOS */,
			);
		};
/* End PBXProject section */

/* Begin PBXResourcesBuildPhase section */
		FFCE19211E75E088001C18C4 /* Resources */ = {
			isa = PBXResourcesBuildPhase;
			buildActionMask = 2147483647;
			files = (
			);
			runOnlyForDeploymentPostprocessing = 0;
		};
		FFCE19341E75E164001C18C4 /* Resources */ = {
			isa = PBXResourcesBuildPhase;
			buildActionMask = 2147483647;
			files = (
			);
			runOnlyForDeploymentPostprocessing = 0;
		};
		FFCE19411E75E17C001C18C4 /* Resources */ = {
			isa = PBXResourcesBuildPhase;
			buildActionMask = 2147483647;
			files = (
			);
			runOnlyForDeploymentPostprocessing = 0;
		};
		FFCE194E1E75E195001C18C4 /* Resources */ = {
			isa = PBXResourcesBuildPhase;
			buildActionMask = 2147483647;
			files = (
			);
			runOnlyForDeploymentPostprocessing = 0;
		};
/* End PBXResourcesBuildPhase section */

/* Begin PBXShellScriptBuildPhase section */
		FFCE19A31E75F097001C18C4 /* Lint Sources */ = {
			isa = PBXShellScriptBuildPhase;
			buildActionMask = 2147483647;
			files = (
			);
			inputPaths = (
			);
			name = "Lint Sources";
			outputPaths = (
			);
			runOnlyForDeploymentPostprocessing = 0;
			shellPath = /bin/sh;
			shellScript = "if which swiftlint >/dev/null; then swiftlint; fi";
		};
		FFCE19A41E75F0CE001C18C4 /* Lint Sources */ = {
			isa = PBXShellScriptBuildPhase;
			buildActionMask = 2147483647;
			files = (
			);
			inputPaths = (
			);
			name = "Lint Sources";
			outputPaths = (
			);
			runOnlyForDeploymentPostprocessing = 0;
			shellPath = /bin/sh;
			shellScript = "if which swiftlint >/dev/null; then swiftlint; fi";
		};
		FFCE19A51E75F0D8001C18C4 /* Lint Sources */ = {
			isa = PBXShellScriptBuildPhase;
			buildActionMask = 2147483647;
			files = (
			);
			inputPaths = (
			);
			name = "Lint Sources";
			outputPaths = (
			);
			runOnlyForDeploymentPostprocessing = 0;
			shellPath = /bin/sh;
			shellScript = "if which swiftlint >/dev/null; then swiftlint; fi";
		};
		FFCE19A61E75F0E2001C18C4 /* Lint Sources */ = {
			isa = PBXShellScriptBuildPhase;
			buildActionMask = 2147483647;
			files = (
			);
			inputPaths = (
			);
			name = "Lint Sources";
			outputPaths = (
			);
			runOnlyForDeploymentPostprocessing = 0;
			shellPath = /bin/sh;
			shellScript = "if which swiftlint >/dev/null; then swiftlint; fi";
		};
/* End PBXShellScriptBuildPhase section */

/* Begin PBXSourcesBuildPhase section */
		FFCE191E1E75E088001C18C4 /* Sources */ = {
			isa = PBXSourcesBuildPhase;
			buildActionMask = 2147483647;
			files = (
				FFCE199A1E75F060001C18C4 /* Profile.swift in Sources */,
				FFCE199F1E75F07B001C18C4 /* UnicodeScalarExtensions.swift in Sources */,
				FFCE19A81E75FAE7001C18C4 /* UsernameCaseMappedProfile.swift in Sources */,
				FFCE19B71E75FF44001C18C4 /* NicknameProfile.swift in Sources */,
				FFCE19AA1E75FBAC001C18C4 /* OpaqueStringProfile.swift in Sources */,
				FFCE19B21E75FD57001C18C4 /* UsernameCasePreservedProfile.swift in Sources */,
				FFCD6CB51E77518100EB8671 /* CharacterSetExtensions.swift in Sources */,
			);
			runOnlyForDeploymentPostprocessing = 0;
		};
		FFCE19311E75E164001C18C4 /* Sources */ = {
			isa = PBXSourcesBuildPhase;
			buildActionMask = 2147483647;
			files = (
				FFCE199B1E75F060001C18C4 /* Profile.swift in Sources */,
				FFCE19A01E75F07B001C18C4 /* UnicodeScalarExtensions.swift in Sources */,
				FFCE19AB1E75FBB0001C18C4 /* UsernameCaseMappedProfile.swift in Sources */,
				FFCE19B81E75FF44001C18C4 /* NicknameProfile.swift in Sources */,
				FFCE19B01E75FBB4001C18C4 /* OpaqueStringProfile.swift in Sources */,
				FFCE19B31E75FD57001C18C4 /* UsernameCasePreservedProfile.swift in Sources */,
				FFCD6CB61E77518100EB8671 /* CharacterSetExtensions.swift in Sources */,
			);
			runOnlyForDeploymentPostprocessing = 0;
		};
		FFCE193E1E75E17C001C18C4 /* Sources */ = {
			isa = PBXSourcesBuildPhase;
			buildActionMask = 2147483647;
			files = (
				FFCE199C1E75F060001C18C4 /* Profile.swift in Sources */,
				FFCE19A11E75F07B001C18C4 /* UnicodeScalarExtensions.swift in Sources */,
				FFCE19AC1E75FBB0001C18C4 /* UsernameCaseMappedProfile.swift in Sources */,
				FFCE19B91E75FF44001C18C4 /* NicknameProfile.swift in Sources */,
				FFCE19AF1E75FBB3001C18C4 /* OpaqueStringProfile.swift in Sources */,
				FFCE19B41E75FD57001C18C4 /* UsernameCasePreservedProfile.swift in Sources */,
				FFCD6CB71E77518100EB8671 /* CharacterSetExtensions.swift in Sources */,
			);
			runOnlyForDeploymentPostprocessing = 0;
		};
		FFCE194B1E75E195001C18C4 /* Sources */ = {
			isa = PBXSourcesBuildPhase;
			buildActionMask = 2147483647;
			files = (
				FFCE199D1E75F060001C18C4 /* Profile.swift in Sources */,
				FFCE19A21E75F07B001C18C4 /* UnicodeScalarExtensions.swift in Sources */,
				FFCE19AD1E75FBB1001C18C4 /* UsernameCaseMappedProfile.swift in Sources */,
				FFCE19BA1E75FF44001C18C4 /* NicknameProfile.swift in Sources */,
				FFCE19AE1E75FBB3001C18C4 /* OpaqueStringProfile.swift in Sources */,
				FFCE19B51E75FD57001C18C4 /* UsernameCasePreservedProfile.swift in Sources */,
				FFCD6CB81E77518100EB8671 /* CharacterSetExtensions.swift in Sources */,
			);
			runOnlyForDeploymentPostprocessing = 0;
		};
/* End PBXSourcesBuildPhase section */

/* Begin XCBuildConfiguration section */
		FFCE19291E75E088001C18C4 /* Debug */ = {
			isa = XCBuildConfiguration;
			buildSettings = {
				ALWAYS_SEARCH_USER_PATHS = NO;
				CLANG_ANALYZER_NONNULL = YES;
				CLANG_CXX_LANGUAGE_STANDARD = "gnu++0x";
				CLANG_CXX_LIBRARY = "libc++";
				CLANG_ENABLE_MODULES = YES;
				CLANG_ENABLE_OBJC_ARC = YES;
				CLANG_WARN_BOOL_CONVERSION = YES;
				CLANG_WARN_CONSTANT_CONVERSION = YES;
				CLANG_WARN_DIRECT_OBJC_ISA_USAGE = YES_ERROR;
				CLANG_WARN_DOCUMENTATION_COMMENTS = YES;
				CLANG_WARN_EMPTY_BODY = YES;
				CLANG_WARN_ENUM_CONVERSION = YES;
				CLANG_WARN_INFINITE_RECURSION = YES;
				CLANG_WARN_INT_CONVERSION = YES;
				CLANG_WARN_OBJC_ROOT_CLASS = YES_ERROR;
				CLANG_WARN_SUSPICIOUS_MOVE = YES;
				CLANG_WARN_UNREACHABLE_CODE = YES;
				CLANG_WARN__DUPLICATE_METHOD_MATCH = YES;
				COPY_PHASE_STRIP = NO;
				CURRENT_PROJECT_VERSION = 1;
				DEBUG_INFORMATION_FORMAT = dwarf;
				ENABLE_STRICT_OBJC_MSGSEND = YES;
				ENABLE_TESTABILITY = YES;
				GCC_C_LANGUAGE_STANDARD = gnu99;
				GCC_DYNAMIC_NO_PIC = NO;
				GCC_NO_COMMON_BLOCKS = YES;
				GCC_OPTIMIZATION_LEVEL = 0;
				GCC_PREPROCESSOR_DEFINITIONS = (
					"DEBUG=1",
					"$(inherited)",
				);
				GCC_WARN_64_TO_32_BIT_CONVERSION = YES;
				GCC_WARN_ABOUT_RETURN_TYPE = YES_ERROR;
				GCC_WARN_UNDECLARED_SELECTOR = YES;
				GCC_WARN_UNINITIALIZED_AUTOS = YES_AGGRESSIVE;
				GCC_WARN_UNUSED_FUNCTION = YES;
				GCC_WARN_UNUSED_VARIABLE = YES;
				IPHONEOS_DEPLOYMENT_TARGET = 8.0;
				MACOSX_DEPLOYMENT_TARGET = 10.9;
				MTL_ENABLE_DEBUG_INFO = YES;
				ONLY_ACTIVE_ARCH = YES;
				SDKROOT = iphoneos;
				SWIFT_ACTIVE_COMPILATION_CONDITIONS = DEBUG;
				SWIFT_OPTIMIZATION_LEVEL = "-Onone";
				TARGETED_DEVICE_FAMILY = "1,2";
				VERSIONING_SYSTEM = "apple-generic";
				VERSION_INFO_PREFIX = "";
			};
			name = Debug;
		};
		FFCE192A1E75E088001C18C4 /* Release */ = {
			isa = XCBuildConfiguration;
			buildSettings = {
				ALWAYS_SEARCH_USER_PATHS = NO;
				CLANG_ANALYZER_NONNULL = YES;
				CLANG_CXX_LANGUAGE_STANDARD = "gnu++0x";
				CLANG_CXX_LIBRARY = "libc++";
				CLANG_ENABLE_MODULES = YES;
				CLANG_ENABLE_OBJC_ARC = YES;
				CLANG_WARN_BOOL_CONVERSION = YES;
				CLANG_WARN_CONSTANT_CONVERSION = YES;
				CLANG_WARN_DIRECT_OBJC_ISA_USAGE = YES_ERROR;
				CLANG_WARN_DOCUMENTATION_COMMENTS = YES;
				CLANG_WARN_EMPTY_BODY = YES;
				CLANG_WARN_ENUM_CONVERSION = YES;
				CLANG_WARN_INFINITE_RECURSION = YES;
				CLANG_WARN_INT_CONVERSION = YES;
				CLANG_WARN_OBJC_ROOT_CLASS = YES_ERROR;
				CLANG_WARN_SUSPICIOUS_MOVE = YES;
				CLANG_WARN_UNREACHABLE_CODE = YES;
				CLANG_WARN__DUPLICATE_METHOD_MATCH = YES;
				COPY_PHASE_STRIP = NO;
				CURRENT_PROJECT_VERSION = 1;
				DEBUG_INFORMATION_FORMAT = "dwarf-with-dsym";
				ENABLE_NS_ASSERTIONS = NO;
				ENABLE_STRICT_OBJC_MSGSEND = YES;
				GCC_C_LANGUAGE_STANDARD = gnu99;
				GCC_NO_COMMON_BLOCKS = YES;
				GCC_WARN_64_TO_32_BIT_CONVERSION = YES;
				GCC_WARN_ABOUT_RETURN_TYPE = YES_ERROR;
				GCC_WARN_UNDECLARED_SELECTOR = YES;
				GCC_WARN_UNINITIALIZED_AUTOS = YES_AGGRESSIVE;
				GCC_WARN_UNUSED_FUNCTION = YES;
				GCC_WARN_UNUSED_VARIABLE = YES;
				IPHONEOS_DEPLOYMENT_TARGET = 8.0;
				MACOSX_DEPLOYMENT_TARGET = 10.9;
				MTL_ENABLE_DEBUG_INFO = NO;
				SDKROOT = iphoneos;
				SWIFT_OPTIMIZATION_LEVEL = "-Owholemodule";
				TARGETED_DEVICE_FAMILY = "1,2";
				VALIDATE_PRODUCT = YES;
				VERSIONING_SYSTEM = "apple-generic";
				VERSION_INFO_PREFIX = "";
			};
			name = Release;
		};
		FFCE192C1E75E088001C18C4 /* Debug */ = {
			isa = XCBuildConfiguration;
			buildSettings = {
				CLANG_ENABLE_MODULES = YES;
				DEFINES_MODULE = YES;
				DYLIB_COMPATIBILITY_VERSION = 1;
				DYLIB_CURRENT_VERSION = 1;
				DYLIB_INSTALL_NAME_BASE = "@rpath";
				INFOPLIST_FILE = PRECISSwift.xcodeproj/Info.plist;
				INSTALL_PATH = "$(LOCAL_LIBRARY_DIR)/Frameworks";
				LD_RUNPATH_SEARCH_PATHS = "$(inherited) @executable_path/Frameworks @loader_path/Frameworks";
				PRODUCT_BUNDLE_IDENTIFIER = org.swiftblues.PRECISSwift;
				PRODUCT_NAME = PRECISSwift;
				SKIP_INSTALL = YES;
				SWIFT_OPTIMIZATION_LEVEL = "-Onone";
				SWIFT_VERSION = 3.0;
			};
			name = Debug;
		};
		FFCE192D1E75E088001C18C4 /* Release */ = {
			isa = XCBuildConfiguration;
			buildSettings = {
				CLANG_ENABLE_MODULES = YES;
				DEFINES_MODULE = YES;
				DYLIB_COMPATIBILITY_VERSION = 1;
				DYLIB_CURRENT_VERSION = 1;
				DYLIB_INSTALL_NAME_BASE = "@rpath";
				INFOPLIST_FILE = PRECISSwift.xcodeproj/Info.plist;
				INSTALL_PATH = "$(LOCAL_LIBRARY_DIR)/Frameworks";
				LD_RUNPATH_SEARCH_PATHS = "$(inherited) @executable_path/Frameworks @loader_path/Frameworks";
				PRODUCT_BUNDLE_IDENTIFIER = org.swiftblues.PRECISSwift;
				PRODUCT_NAME = PRECISSwift;
				SKIP_INSTALL = YES;
				SWIFT_VERSION = 3.0;
			};
			name = Release;
		};
		FFCE193C1E75E165001C18C4 /* Debug */ = {
			isa = XCBuildConfiguration;
			buildSettings = {
				CLANG_ENABLE_MODULES = YES;
				COMBINE_HIDPI_IMAGES = YES;
				DEFINES_MODULE = YES;
				DYLIB_COMPATIBILITY_VERSION = 1;
				DYLIB_CURRENT_VERSION = 1;
				DYLIB_INSTALL_NAME_BASE = "@rpath";
				FRAMEWORK_VERSION = A;
				INFOPLIST_FILE = PRECISSwift.xcodeproj/Info.plist;
				INSTALL_PATH = "$(LOCAL_LIBRARY_DIR)/Frameworks";
				LD_RUNPATH_SEARCH_PATHS = "$(inherited) @executable_path/../Frameworks @loader_path/Frameworks";
				PRODUCT_BUNDLE_IDENTIFIER = org.swiftblues.PRECISSwift;
				PRODUCT_NAME = PRECISSwift;
				SDKROOT = macosx;
				SKIP_INSTALL = YES;
				SWIFT_OPTIMIZATION_LEVEL = "-Onone";
				SWIFT_VERSION = 3.0;
			};
			name = Debug;
		};
		FFCE193D1E75E165001C18C4 /* Release */ = {
			isa = XCBuildConfiguration;
			buildSettings = {
				CLANG_ENABLE_MODULES = YES;
				COMBINE_HIDPI_IMAGES = YES;
				DEFINES_MODULE = YES;
				DYLIB_COMPATIBILITY_VERSION = 1;
				DYLIB_CURRENT_VERSION = 1;
				DYLIB_INSTALL_NAME_BASE = "@rpath";
				FRAMEWORK_VERSION = A;
				INFOPLIST_FILE = PRECISSwift.xcodeproj/Info.plist;
				INSTALL_PATH = "$(LOCAL_LIBRARY_DIR)/Frameworks";
				LD_RUNPATH_SEARCH_PATHS = "$(inherited) @executable_path/../Frameworks @loader_path/Frameworks";
				PRODUCT_BUNDLE_IDENTIFIER = org.swiftblues.PRECISSwift;
				PRODUCT_NAME = PRECISSwift;
				SDKROOT = macosx;
				SKIP_INSTALL = YES;
				SWIFT_VERSION = 3.0;
			};
			name = Release;
		};
		FFCE19491E75E17C001C18C4 /* Debug */ = {
			isa = XCBuildConfiguration;
			buildSettings = {
				CLANG_ENABLE_MODULES = YES;
				DEFINES_MODULE = YES;
				DYLIB_COMPATIBILITY_VERSION = 1;
				DYLIB_CURRENT_VERSION = 1;
				DYLIB_INSTALL_NAME_BASE = "@rpath";
				INFOPLIST_FILE = PRECISSwift.xcodeproj/Info.plist;
				INSTALL_PATH = "$(LOCAL_LIBRARY_DIR)/Frameworks";
				LD_RUNPATH_SEARCH_PATHS = "$(inherited) @executable_path/Frameworks @loader_path/Frameworks";
				PRODUCT_BUNDLE_IDENTIFIER = org.swiftblues.PRECISSwift;
				PRODUCT_NAME = PRECISSwift;
				SDKROOT = appletvos;
				SKIP_INSTALL = YES;
				SWIFT_OPTIMIZATION_LEVEL = "-Onone";
				SWIFT_VERSION = 3.0;
				TARGETED_DEVICE_FAMILY = 3;
				TVOS_DEPLOYMENT_TARGET = 9.0;
			};
			name = Debug;
		};
		FFCE194A1E75E17C001C18C4 /* Release */ = {
			isa = XCBuildConfiguration;
			buildSettings = {
				CLANG_ENABLE_MODULES = YES;
				DEFINES_MODULE = YES;
				DYLIB_COMPATIBILITY_VERSION = 1;
				DYLIB_CURRENT_VERSION = 1;
				DYLIB_INSTALL_NAME_BASE = "@rpath";
				INFOPLIST_FILE = PRECISSwift.xcodeproj/Info.plist;
				INSTALL_PATH = "$(LOCAL_LIBRARY_DIR)/Frameworks";
				LD_RUNPATH_SEARCH_PATHS = "$(inherited) @executable_path/Frameworks @loader_path/Frameworks";
				PRODUCT_BUNDLE_IDENTIFIER = org.swiftblues.PRECISSwift;
				PRODUCT_NAME = PRECISSwift;
				SDKROOT = appletvos;
				SKIP_INSTALL = YES;
				SWIFT_VERSION = 3.0;
				TARGETED_DEVICE_FAMILY = 3;
				TVOS_DEPLOYMENT_TARGET = 9.0;
			};
			name = Release;
		};
		FFCE19561E75E195001C18C4 /* Debug */ = {
			isa = XCBuildConfiguration;
			buildSettings = {
				APPLICATION_EXTENSION_API_ONLY = YES;
				CLANG_ENABLE_MODULES = YES;
				DEFINES_MODULE = YES;
				DYLIB_COMPATIBILITY_VERSION = 1;
				DYLIB_CURRENT_VERSION = 1;
				DYLIB_INSTALL_NAME_BASE = "@rpath";
				INFOPLIST_FILE = PRECISSwift.xcodeproj/Info.plist;
				INSTALL_PATH = "$(LOCAL_LIBRARY_DIR)/Frameworks";
				LD_RUNPATH_SEARCH_PATHS = "$(inherited) @executable_path/Frameworks @loader_path/Frameworks";
				PRODUCT_BUNDLE_IDENTIFIER = org.swiftblues.PRECISSwift;
				PRODUCT_NAME = PRECISSwift;
				SDKROOT = watchos;
				SKIP_INSTALL = YES;
				SWIFT_OPTIMIZATION_LEVEL = "-Onone";
				SWIFT_VERSION = 3.0;
				TARGETED_DEVICE_FAMILY = 4;
				WATCHOS_DEPLOYMENT_TARGET = 2.0;
			};
			name = Debug;
		};
		FFCE19571E75E195001C18C4 /* Release */ = {
			isa = XCBuildConfiguration;
			buildSettings = {
				APPLICATION_EXTENSION_API_ONLY = YES;
				CLANG_ENABLE_MODULES = YES;
				DEFINES_MODULE = YES;
				DYLIB_COMPATIBILITY_VERSION = 1;
				DYLIB_CURRENT_VERSION = 1;
				DYLIB_INSTALL_NAME_BASE = "@rpath";
				INFOPLIST_FILE = PRECISSwift.xcodeproj/Info.plist;
				INSTALL_PATH = "$(LOCAL_LIBRARY_DIR)/Frameworks";
				LD_RUNPATH_SEARCH_PATHS = "$(inherited) @executable_path/Frameworks @loader_path/Frameworks";
				PRODUCT_BUNDLE_IDENTIFIER = org.swiftblues.PRECISSwift;
				PRODUCT_NAME = PRECISSwift;
				SDKROOT = watchos;
				SKIP_INSTALL = YES;
				SWIFT_VERSION = 3.0;
				TARGETED_DEVICE_FAMILY = 4;
				WATCHOS_DEPLOYMENT_TARGET = 2.0;
			};
			name = Release;
		};
/* End XCBuildConfiguration section */

/* Begin XCConfigurationList section */
		FFCE191D1E75E088001C18C4 /* Build configuration list for PBXProject "PRECISSwift" */ = {
			isa = XCConfigurationList;
			buildConfigurations = (
				FFCE19291E75E088001C18C4 /* Debug */,
				FFCE192A1E75E088001C18C4 /* Release */,
			);
			defaultConfigurationIsVisible = 0;
			defaultConfigurationName = Release;
		};
		FFCE192B1E75E088001C18C4 /* Build configuration list for PBXNativeTarget "PRECISSwift iOS" */ = {
			isa = XCConfigurationList;
			buildConfigurations = (
				FFCE192C1E75E088001C18C4 /* Debug */,
				FFCE192D1E75E088001C18C4 /* Release */,
			);
			defaultConfigurationIsVisible = 0;
			defaultConfigurationName = Release;
		};
		FFCE193B1E75E165001C18C4 /* Build configuration list for PBXNativeTarget "PRECISSwift macOS" */ = {
			isa = XCConfigurationList;
			buildConfigurations = (
				FFCE193C1E75E165001C18C4 /* Debug */,
				FFCE193D1E75E165001C18C4 /* Release */,
			);
			defaultConfigurationIsVisible = 0;
			defaultConfigurationName = Release;
		};
		FFCE19481E75E17C001C18C4 /* Build configuration list for PBXNativeTarget "PRECISSwift tvOS" */ = {
			isa = XCConfigurationList;
			buildConfigurations = (
				FFCE19491E75E17C001C18C4 /* Debug */,
				FFCE194A1E75E17C001C18C4 /* Release */,
			);
			defaultConfigurationIsVisible = 0;
			defaultConfigurationName = Release;
		};
		FFCE19551E75E195001C18C4 /* Build configuration list for PBXNativeTarget "PRECISSwift watchOS" */ = {
			isa = XCConfigurationList;
			buildConfigurations = (
				FFCE19561E75E195001C18C4 /* Debug */,
				FFCE19571E75E195001C18C4 /* Release */,
			);
			defaultConfigurationIsVisible = 0;
			defaultConfigurationName = Release;
		};
/* End XCConfigurationList section */
	};
	rootObject = FFCE191A1E75E088001C18C4 /* Project object */;
}
